
Microsoft Visual Studio Solution File, Format Version 12.00
# Visual Studio Version 17
VisualStudioVersion = 17.8.34511.84
MinimumVisualStudioVersion = 10.0.40219.1
Project("{FAE04EC0-301F-11D3-BF4B-00C04F79EFBC}") = "RegEx01", "RegEx01\RegEx01.csproj", "{612C8BE2-F926-4A06-A794-770DC9DA4DCB}"
EndProject
Project("{FAE04EC0-301F-11D3-BF4B-00C04F79EFBC}") = "Problem02", "Problem02\Problem02.csproj", "{2E5835A9-9A9B-487D-A239-BEF42C54CAAF}"
EndProject
Project("{FAE04EC0-301F-11D3-BF4B-00C04F79EFBC}") = "Problem03", "Problem03\Problem03.csproj", "{EFD593DF-D44D-4308-9C4D-29E25223A7F0}"
EndProject
Global
	GlobalSection(SolutionConfigurationPlatforms) = preSolution
		Debug|Any CPU = Debug|Any CPU
		Release|Any CPU = Release|Any CPU
	EndGlobalSection
	GlobalSection(ProjectConfigurationPlatforms) = postSolution
		{612C8BE2-F926-4A06-A794-770DC9DA4DCB}.Debug|Any CPU.ActiveCfg = Debug|Any CPU
		{612C8BE2-F926-4A06-A794-770DC9DA4DCB}.Debug|Any CPU.Build.0 = Debug|Any CPU
		{612C8BE2-F926-4A06-A794-770DC9DA4DCB}.Release|Any CPU.ActiveCfg = Release|Any CPU
		{612C8BE2-F926-4A06-A794-770DC9DA4DCB}.Release|Any CPU.Build.0 = Release|Any CPU
		{2E5835A9-9A9B-487D-A239-BEF42C54CAAF}.Debug|Any CPU.ActiveCfg = Debug|Any CPU
		{2E5835A9-9A9B-487D-A239-BEF42C54CAAF}.Debug|Any CPU.Build.0 = Debug|Any CPU
		{2E5835A9-9A9B-487D-A239-BEF42C54CAAF}.Release|Any CPU.ActiveCfg = Release|Any CPU
		{2E5835A9-9A9B-487D-A239-BEF42C54CAAF}.Release|Any CPU.Build.0 = Release|Any CPU
		{EFD593DF-D44D-4308-9C4D-29E25223A7F0}.Debug|Any CPU.ActiveCfg = Debug|Any CPU
		{EFD593DF-D44D-4308-9C4D-29E25223A7F0}.Debug|Any CPU.Build.0 = Debug|Any CPU
		{EFD593DF-D44D-4308-9C4D-29E25223A7F0}.Release|Any CPU.ActiveCfg = Release|Any CPU
		{EFD593DF-D44D-4308-9C4D-29E25223A7F0}.Release|Any CPU.Build.0 = Release|Any CPU
	EndGlobalSection
	GlobalSection(SolutionProperties) = preSolution
		HideSolutionNode = FALSE
	EndGlobalSection
	GlobalSection(ExtensibilityGlobals) = postSolution
		SolutionGuid = {A1432A74-2BB1-4B47-B4B0-8C699FE34EA4}
	EndGlobalSection
EndGlobal
